
Microsoft Visual Studio Solution File, Format Version 12.00
# Visual Studio Version 17
VisualStudioVersion = 17.5.002.0
MinimumVisualStudioVersion = 10.0.40219.1
Project("{9A19103F-16F7-4668-BE54-9A1E7A4F7556}") = "FocusAcademy", "FocusAcademy.csproj", "{55715FF7-FA77-491F-A85E-20C6C9C58EDE}"
EndProject
Global
	GlobalSection(SolutionConfigurationPlatforms) = preSolution
		Debug|Any CPU = Debug|Any CPU
		Release|Any CPU = Release|Any CPU
	EndGlobalSection
	GlobalSection(ProjectConfigurationPlatforms) = postSolution
		{55715FF7-FA77-491F-A85E-20C6C9C58EDE}.Debug|Any CPU.ActiveCfg = Debug|Any CPU
		{55715FF7-FA77-491F-A85E-20C6C9C58EDE}.Debug|Any CPU.Build.0 = Debug|Any CPU
		{55715FF7-FA77-491F-A85E-20C6C9C58EDE}.Release|Any CPU.ActiveCfg = Release|Any CPU
		{55715FF7-FA77-491F-A85E-20C6C9C58EDE}.Release|Any CPU.Build.0 = Release|Any CPU
	EndGlobalSection
	GlobalSection(SolutionProperties) = preSolution
		HideSolutionNode = FALSE
	EndGlobalSection
	GlobalSection(ExtensibilityGlobals) = postSolution
		SolutionGuid = {1FFEAFB3-788F-468E-86BD-6223354A472D}
	EndGlobalSection
EndGlobal
